
Microsoft Visual Studio Solution File, Format Version 12.00
# Visual Studio 15
VisualStudioVersion = 15.0.28010.2046
MinimumVisualStudioVersion = 10.0.40219.1
Project("{2150E333-8FDC-42A3-9474-1A3956D46DE8}") = "src", "src", "{F225941C-F0F3-4BAA-9797-A699D0654B4C}"
EndProject
Project("{2150E333-8FDC-42A3-9474-1A3956D46DE8}") = "webapp", "webapp", "{CDA19528-F72D-41CF-9498-572F9A706C52}"
EndProject
Global
	GlobalSection(SolutionProperties) = preSolution
		HideSolutionNode = FALSE
	EndGlobalSection
	GlobalSection(NestedProjects) = preSolution
		{CDA19528-F72D-41CF-9498-572F9A706C52} = {F225941C-F0F3-4BAA-9797-A699D0654B4C}
	EndGlobalSection
	GlobalSection(ExtensibilityGlobals) = postSolution
		SolutionGuid = {D16EA906-383D-4AFC-9F44-BBB5A1156B17}
	EndGlobalSection
EndGlobal
